
Microsoft Visual Studio Solution File, Format Version 12.00
# Visual Studio 2013
VisualStudioVersion = 12.0.21005.1
MinimumVisualStudioVersion = 10.0.40219.1
Project("{FAE04EC0-301F-11D3-BF4B-00C04F79EFBC}") = "HLD_Vision_Total", "HLD_Vision_Total\HLD_Vision_Total.csproj", "{6C1B178F-DD52-471D-9C8E-A88BAF1376E3}"
EndProject
Project("{FAE04EC0-301F-11D3-BF4B-00C04F79EFBC}") = "HLDCommon", "HLDCommon\HLDCommon.csproj", "{40E4C696-22B6-450C-86C1-720ABB48D1AF}"
EndProject
Project("{FAE04EC0-301F-11D3-BF4B-00C04F79EFBC}") = "HLDCameraDevice", "HLDCameraDevice\HLDCameraDevice.csproj", "{A800A53D-977F-4F0F-B387-6C297AAB831F}"
EndProject
Project("{FAE04EC0-301F-11D3-BF4B-00C04F79EFBC}") = "HLDInterface", "HLDInterface\HLDInterface.csproj", "{F23FCF9F-BD7B-4737-B75D-D550170C9965}"
EndProject
Project("{FAE04EC0-301F-11D3-BF4B-00C04F79EFBC}") = "HLDVision", "HLDVision\HLDVision.csproj", "{8FC3A86A-83E2-42ED-A2B5-945C6BA53C40}"
EndProject
Project("{FAE04EC0-301F-11D3-BF4B-00C04F79EFBC}") = "HLDCalibration", "HLDCalibration\HLDCalibration.csproj", "{D6308869-7028-434F-AE48-3D506B5B00C9}"
EndProject
Global
	GlobalSection(SolutionConfigurationPlatforms) = preSolution
		Debug|Any CPU = Debug|Any CPU
		Release|Any CPU = Release|Any CPU
	EndGlobalSection
	GlobalSection(ProjectConfigurationPlatforms) = postSolution
		{6C1B178F-DD52-471D-9C8E-A88BAF1376E3}.Debug|Any CPU.ActiveCfg = Debug|Any CPU
		{6C1B178F-DD52-471D-9C8E-A88BAF1376E3}.Debug|Any CPU.Build.0 = Debug|Any CPU
		{6C1B178F-DD52-471D-9C8E-A88BAF1376E3}.Release|Any CPU.ActiveCfg = Release|Any CPU
		{6C1B178F-DD52-471D-9C8E-A88BAF1376E3}.Release|Any CPU.Build.0 = Release|Any CPU
		{40E4C696-22B6-450C-86C1-720ABB48D1AF}.Debug|Any CPU.ActiveCfg = Debug|Any CPU
		{40E4C696-22B6-450C-86C1-720ABB48D1AF}.Debug|Any CPU.Build.0 = Debug|Any CPU
		{40E4C696-22B6-450C-86C1-720ABB48D1AF}.Release|Any CPU.ActiveCfg = Release|Any CPU
		{40E4C696-22B6-450C-86C1-720ABB48D1AF}.Release|Any CPU.Build.0 = Release|Any CPU
		{A800A53D-977F-4F0F-B387-6C297AAB831F}.Debug|Any CPU.ActiveCfg = Debug|Any CPU
		{A800A53D-977F-4F0F-B387-6C297AAB831F}.Debug|Any CPU.Build.0 = Debug|Any CPU
		{A800A53D-977F-4F0F-B387-6C297AAB831F}.Release|Any CPU.ActiveCfg = Release|Any CPU
		{A800A53D-977F-4F0F-B387-6C297AAB831F}.Release|Any CPU.Build.0 = Release|Any CPU
		{F23FCF9F-BD7B-4737-B75D-D550170C9965}.Debug|Any CPU.ActiveCfg = Debug|Any CPU
		{F23FCF9F-BD7B-4737-B75D-D550170C9965}.Debug|Any CPU.Build.0 = Debug|Any CPU
		{F23FCF9F-BD7B-4737-B75D-D550170C9965}.Release|Any CPU.ActiveCfg = Release|Any CPU
		{F23FCF9F-BD7B-4737-B75D-D550170C9965}.Release|Any CPU.Build.0 = Release|Any CPU
		{8FC3A86A-83E2-42ED-A2B5-945C6BA53C40}.Debug|Any CPU.ActiveCfg = Debug|Any CPU
		{8FC3A86A-83E2-42ED-A2B5-945C6BA53C40}.Debug|Any CPU.Build.0 = Debug|Any CPU
		{8FC3A86A-83E2-42ED-A2B5-945C6BA53C40}.Release|Any CPU.ActiveCfg = Release|Any CPU
		{8FC3A86A-83E2-42ED-A2B5-945C6BA53C40}.Release|Any CPU.Build.0 = Release|Any CPU
		{D6308869-7028-434F-AE48-3D506B5B00C9}.Debug|Any CPU.ActiveCfg = Debug|Any CPU
		{D6308869-7028-434F-AE48-3D506B5B00C9}.Debug|Any CPU.Build.0 = Debug|Any CPU
		{D6308869-7028-434F-AE48-3D506B5B00C9}.Release|Any CPU.ActiveCfg = Release|Any CPU
		{D6308869-7028-434F-AE48-3D506B5B00C9}.Release|Any CPU.Build.0 = Release|Any CPU
	EndGlobalSection
	GlobalSection(SolutionProperties) = preSolution
		HideSolutionNode = FALSE
	EndGlobalSection
EndGlobal
